
Microsoft Visual Studio Solution File, Format Version 12.00
# Visual Studio Version 17
VisualStudioVersion = 17.7.34202.233
MinimumVisualStudioVersion = 10.0.40219.1
Project("{9A19103F-16F7-4668-BE54-9A1E7A4F7556}") = "VisitorWebApi", "VisitorWebApi\VisitorWebApi.csproj", "{00EB79FE-2A63-43E6-A023-DE302AB7CAE5}"
EndProject
Project("{9A19103F-16F7-4668-BE54-9A1E7A4F7556}") = "VisitorMvc", "VisitorMvc\VisitorMvc.csproj", "{53FA2A8A-4D60-4784-A7EE-68E6341F6332}"
EndProject
Project("{9A19103F-16F7-4668-BE54-9A1E7A4F7556}") = "VisitorCore", "VisitorCore\VisitorCore.csproj", "{AA962F55-E3FD-491F-A50B-1402C07C50B7}"
EndProject
Global
	GlobalSection(SolutionConfigurationPlatforms) = preSolution
		Debug|Any CPU = Debug|Any CPU
		Release|Any CPU = Release|Any CPU
	EndGlobalSection
	GlobalSection(ProjectConfigurationPlatforms) = postSolution
		{00EB79FE-2A63-43E6-A023-DE302AB7CAE5}.Debug|Any CPU.ActiveCfg = Debug|Any CPU
		{00EB79FE-2A63-43E6-A023-DE302AB7CAE5}.Debug|Any CPU.Build.0 = Debug|Any CPU
		{00EB79FE-2A63-43E6-A023-DE302AB7CAE5}.Release|Any CPU.ActiveCfg = Release|Any CPU
		{00EB79FE-2A63-43E6-A023-DE302AB7CAE5}.Release|Any CPU.Build.0 = Release|Any CPU
		{53FA2A8A-4D60-4784-A7EE-68E6341F6332}.Debug|Any CPU.ActiveCfg = Debug|Any CPU
		{53FA2A8A-4D60-4784-A7EE-68E6341F6332}.Debug|Any CPU.Build.0 = Debug|Any CPU
		{53FA2A8A-4D60-4784-A7EE-68E6341F6332}.Release|Any CPU.ActiveCfg = Release|Any CPU
		{53FA2A8A-4D60-4784-A7EE-68E6341F6332}.Release|Any CPU.Build.0 = Release|Any CPU
		{AA962F55-E3FD-491F-A50B-1402C07C50B7}.Debug|Any CPU.ActiveCfg = Debug|Any CPU
		{AA962F55-E3FD-491F-A50B-1402C07C50B7}.Debug|Any CPU.Build.0 = Debug|Any CPU
		{AA962F55-E3FD-491F-A50B-1402C07C50B7}.Release|Any CPU.ActiveCfg = Release|Any CPU
		{AA962F55-E3FD-491F-A50B-1402C07C50B7}.Release|Any CPU.Build.0 = Release|Any CPU
	EndGlobalSection
	GlobalSection(SolutionProperties) = preSolution
		HideSolutionNode = FALSE
	EndGlobalSection
	GlobalSection(ExtensibilityGlobals) = postSolution
		SolutionGuid = {55475AB6-93F7-43B6-9D7C-B4D0B13E3528}
	EndGlobalSection
EndGlobal
